{
  "name": "@writetome51/validating-inputs",
  "version": "2.0.0",
  "lockfileVersion": 1,
  "requires": true,
  "dependencies": {
    "@writetome51/base-class": {
      "version": "2.0.0",
      "resolved": "https://registry.npmjs.org/@writetome51/base-class/-/base-class-2.0.0.tgz",
      "integrity": "sha512-x29BNOKD7xRg6teq0E9J3mUZfMUEQdslmncD1o7lthzElkP3KAdBMCUY1N66Az3j6kEOY2EZ5UueVZmRxJygQA==",
      "requires": {
        "@writetome51/get-property": "^2.0.0",
        "@writetome51/has-value-no-value": "^2.0.0"
      }
    },
    "@writetome51/get-property": {
      "version": "2.0.2",
      "resolved": "https://registry.npmjs.org/@writetome51/get-property/-/get-property-2.0.2.tgz",
      "integrity": "sha512-LzPODGAfd0SDEIuwXBgKx+RrldorI+3lQGGYCLg8kMfBG+sM2M463KYUAf+j6ENQ9G48ZCbsX7SHdPLvsns0gg=="
    },
    "@writetome51/has-value-no-value": {
      "version": "2.0.0",
      "resolved": "https://registry.npmjs.org/@writetome51/has-value-no-value/-/has-value-no-value-2.0.0.tgz",
      "integrity": "sha512-ArFqWggtrr9sbi8/WEBNZLYlk7j8QesRWhaeHQdwc6tgfbjqibWVY6zrdL9UjCnqlEKPT2dNBcMj96gPfUqDoQ=="
    },
    "@writetome51/is-array-not-array": {
      "version": "2.0.0",
      "resolved": "https://registry.npmjs.org/@writetome51/is-array-not-array/-/is-array-not-array-2.0.0.tgz",
      "integrity": "sha512-IVc3BgxLuBsSPzteYbwpgOYyqP0DjpIMsPbjSOrCeMAGvJhojLBiBkw/I70faMs6iuPalOklfGm60XcRU7aZ3g=="
    },
    "@writetome51/is-empty-not-empty": {
      "version": "2.0.0",
      "resolved": "https://registry.npmjs.org/@writetome51/is-empty-not-empty/-/is-empty-not-empty-2.0.0.tgz",
      "integrity": "sha512-BeC0sHRtRRC//2StBt94nQykjvJ1xLDsdt16QPXSwma4iTCTt/H4FReok6kw591AI2w9WiULlH8bT8qkPBoRrw==",
      "requires": {
        "error-if-not-integer": "^2.0.0"
      }
    },
    "@writetome51/is-finite-number": {
      "version": "2.0.0",
      "resolved": "https://registry.npmjs.org/@writetome51/is-finite-number/-/is-finite-number-2.0.0.tgz",
      "integrity": "sha512-mVQxcMuSjRZvG2MxM4KFerGLNuhaeoVR7vC6itSnx/DNTENm0YHPNqh4E7FqjMt94pnis/iwhSnSpKouf88CDA=="
    },
    "@writetome51/is-integer-is-float": {
      "version": "2.0.0",
      "resolved": "https://registry.npmjs.org/@writetome51/is-integer-is-float/-/is-integer-is-float-2.0.0.tgz",
      "integrity": "sha512-5SbWU1X1mAqm4expj+/g0+j5oQojH0JTa9uDwALpsZHgZZ2wkRGwqI0pvWLAw1BVCOWhPycC1AMjGCj/ZnfN0g==",
      "requires": {
        "@writetome51/is-finite-number": "^2.0.0"
      }
    },
    "@writetome51/not": {
      "version": "2.0.0",
      "resolved": "https://registry.npmjs.org/@writetome51/not/-/not-2.0.0.tgz",
      "integrity": "sha512-CS+S0XafZPStxI16/27TBIfQETu5JfvD9VPBbw7sr42Vjotv6q02IjtwLgfAVcjQlsj+IL5I+2Hs6uoI7kinmA=="
    },
    "@writetome51/public-array-container": {
      "version": "4.0.0",
      "resolved": "https://registry.npmjs.org/@writetome51/public-array-container/-/public-array-container-4.0.0.tgz",
      "integrity": "sha512-n/xEtAb8w6QK9dOf5Ct9Y8OFpYG+RmnOz0dTMcBGL5sw43ESaFxZgqDowskC79+3HmVSzkoFy6aw4Rd05a/ZXA==",
      "requires": {
        "@writetome51/base-class": "^2.0.0",
        "error-if-not-array": "^2.0.0"
      }
    },
    "error-if-not-array": {
      "version": "2.0.0",
      "resolved": "https://registry.npmjs.org/error-if-not-array/-/error-if-not-array-2.0.0.tgz",
      "integrity": "sha512-kBAYpWy9xGjELgGqmS2QPbRJPXfacAxBwgitXIwMEglY0p3C2p4++sf3uDszXaDoy4cwgGrFj+FkthsxQFh/ag=="
    },
    "error-if-not-finite-number": {
      "version": "2.0.0",
      "resolved": "https://registry.npmjs.org/error-if-not-finite-number/-/error-if-not-finite-number-2.0.0.tgz",
      "integrity": "sha512-CBxJ+SqnHf1uVCQ9v8777aEC6UxQ3NNoSjDrOgr3iaT9m7LxUf9vFwKBPONTLfGnWFVCirH6KdHNTI2+4lT8cQ==",
      "requires": {
        "@writetome51/is-finite-number": "^2.0.0"
      }
    },
    "error-if-not-integer": {
      "version": "2.0.0",
      "resolved": "https://registry.npmjs.org/error-if-not-integer/-/error-if-not-integer-2.0.0.tgz",
      "integrity": "sha512-jCDTtwK4fZVn0DNJKXYCynF/B+AUG9Ge3snFw4fq2nYzT1c1uTeWvPDXxRT4OKpNjIeOUhxzJmqb4KLwLETjQg==",
      "requires": {
        "@writetome51/is-integer-is-float": "^2.0.0",
        "error-if-not-finite-number": "^2.0.0"
      }
    }
  }
}
